
Microsoft Visual Studio Solution File, Format Version 12.00
# Visual Studio Version 17
VisualStudioVersion = 17.4.33403.182
MinimumVisualStudioVersion = 10.0.40219.1
Project("{FAE04EC0-301F-11D3-BF4B-00C04F79EFBC}") = "Inspimo_JWT", "Inspimo_JWT\Inspimo_JWT.csproj", "{502778AB-145E-4C03-AEB8-7593BEB1E30E}"
EndProject
Global
	GlobalSection(SolutionConfigurationPlatforms) = preSolution
		Debug|Any CPU = Debug|Any CPU
		Release|Any CPU = Release|Any CPU
	EndGlobalSection
	GlobalSection(ProjectConfigurationPlatforms) = postSolution
		{502778AB-145E-4C03-AEB8-7593BEB1E30E}.Debug|Any CPU.ActiveCfg = Debug|Any CPU
		{502778AB-145E-4C03-AEB8-7593BEB1E30E}.Debug|Any CPU.Build.0 = Debug|Any CPU
		{502778AB-145E-4C03-AEB8-7593BEB1E30E}.Release|Any CPU.ActiveCfg = Release|Any CPU
		{502778AB-145E-4C03-AEB8-7593BEB1E30E}.Release|Any CPU.Build.0 = Release|Any CPU
	EndGlobalSection
	GlobalSection(SolutionProperties) = preSolution
		HideSolutionNode = FALSE
	EndGlobalSection
	GlobalSection(ExtensibilityGlobals) = postSolution
		SolutionGuid = {F30868A2-4F40-4F19-909C-0043DCF8DCC5}
	EndGlobalSection
EndGlobal
